
Microsoft Visual Studio Solution File, Format Version 12.00
# Visual Studio Version 17
VisualStudioVersion = 17.2.32526.322
MinimumVisualStudioVersion = 10.0.40219.1
Project("{9A19103F-16F7-4668-BE54-9A1E7A4F7556}") = "Solution", "Solution.csproj", "{9B115D53-E389-4520-B676-ED308E5EF413}"
EndProject
Global
	GlobalSection(SolutionConfigurationPlatforms) = preSolution
		Debug|Any CPU = Debug|Any CPU
		Release|Any CPU = Release|Any CPU
	EndGlobalSection
	GlobalSection(ProjectConfigurationPlatforms) = postSolution
		{9B115D53-E389-4520-B676-ED308E5EF413}.Debug|Any CPU.ActiveCfg = Debug|Any CPU
		{9B115D53-E389-4520-B676-ED308E5EF413}.Debug|Any CPU.Build.0 = Debug|Any CPU
		{9B115D53-E389-4520-B676-ED308E5EF413}.Release|Any CPU.ActiveCfg = Release|Any CPU
		{9B115D53-E389-4520-B676-ED308E5EF413}.Release|Any CPU.Build.0 = Release|Any CPU
	EndGlobalSection
	GlobalSection(SolutionProperties) = preSolution
		HideSolutionNode = FALSE
	EndGlobalSection
	GlobalSection(ExtensibilityGlobals) = postSolution
		SolutionGuid = {21B99358-357B-4929-ADB9-8EB6EFFC1DA4}
	EndGlobalSection
EndGlobal
